
Microsoft Visual Studio Solution File, Format Version 12.00
# Visual Studio Version 17
VisualStudioVersion = 17.8.34316.72
MinimumVisualStudioVersion = 10.0.40219.1
Project("{FAE04EC0-301F-11D3-BF4B-00C04F79EFBC}") = "FestiveThreads", "FestiveThreads.csproj", "{438E92DA-7514-4D5A-A88A-692A3E7EB000}"
EndProject
Global
	GlobalSection(SolutionConfigurationPlatforms) = preSolution
		Debug|Any CPU = Debug|Any CPU
		Release|Any CPU = Release|Any CPU
	EndGlobalSection
	GlobalSection(ProjectConfigurationPlatforms) = postSolution
		{438E92DA-7514-4D5A-A88A-692A3E7EB000}.Debug|Any CPU.ActiveCfg = Debug|Any CPU
		{438E92DA-7514-4D5A-A88A-692A3E7EB000}.Debug|Any CPU.Build.0 = Debug|Any CPU
		{438E92DA-7514-4D5A-A88A-692A3E7EB000}.Release|Any CPU.ActiveCfg = Release|Any CPU
		{438E92DA-7514-4D5A-A88A-692A3E7EB000}.Release|Any CPU.Build.0 = Release|Any CPU
	EndGlobalSection
	GlobalSection(SolutionProperties) = preSolution
		HideSolutionNode = FALSE
	EndGlobalSection
	GlobalSection(ExtensibilityGlobals) = postSolution
		SolutionGuid = {09903CB0-6023-4FB7-AEDE-7D02FE958196}
	EndGlobalSection
EndGlobal
